
Microsoft Visual Studio Solution File, Format Version 12.00
# Visual Studio Version 17
VisualStudioVersion = 17.0.32014.148
MinimumVisualStudioVersion = 10.0.40219.1
Project("{9A19103F-16F7-4668-BE54-9A1E7A4F7556}") = "Entra21.ExemplosWhile", "Entra21.ExemplosWhile\Entra21.ExemplosWhile.csproj", "{B7B30FA3-A823-4E17-AC17-6A6A78C904AB}"
EndProject
Project("{FAE04EC0-301F-11D3-BF4B-00C04F79EFBC}") = "Entra21.ExerciciosWhile", "Entra21.ExerciciosWhile\Entra21.ExerciciosWhile.csproj", "{19BEB743-FA78-466A-9C21-2E6140B17899}"
EndProject
Global
	GlobalSection(SolutionConfigurationPlatforms) = preSolution
		Debug|Any CPU = Debug|Any CPU
		Release|Any CPU = Release|Any CPU
	EndGlobalSection
	GlobalSection(ProjectConfigurationPlatforms) = postSolution
		{B7B30FA3-A823-4E17-AC17-6A6A78C904AB}.Debug|Any CPU.ActiveCfg = Debug|Any CPU
		{B7B30FA3-A823-4E17-AC17-6A6A78C904AB}.Debug|Any CPU.Build.0 = Debug|Any CPU
		{B7B30FA3-A823-4E17-AC17-6A6A78C904AB}.Release|Any CPU.ActiveCfg = Release|Any CPU
		{B7B30FA3-A823-4E17-AC17-6A6A78C904AB}.Release|Any CPU.Build.0 = Release|Any CPU
		{19BEB743-FA78-466A-9C21-2E6140B17899}.Debug|Any CPU.ActiveCfg = Debug|Any CPU
		{19BEB743-FA78-466A-9C21-2E6140B17899}.Debug|Any CPU.Build.0 = Debug|Any CPU
		{19BEB743-FA78-466A-9C21-2E6140B17899}.Release|Any CPU.ActiveCfg = Release|Any CPU
		{19BEB743-FA78-466A-9C21-2E6140B17899}.Release|Any CPU.Build.0 = Release|Any CPU
	EndGlobalSection
	GlobalSection(SolutionProperties) = preSolution
		HideSolutionNode = FALSE
	EndGlobalSection
	GlobalSection(ExtensibilityGlobals) = postSolution
		SolutionGuid = {5F399B28-131B-4A86-8617-521F25D6F3E4}
	EndGlobalSection
EndGlobal
